{
  "name": "amazonKDP",
  "version": "1.0.0",
  "lockfileVersion": 1,
  "requires": true,
  "dependencies": {
    "random-int": {
      "version": "2.0.1",
      "resolved": "https://registry.npmjs.org/random-int/-/random-int-2.0.1.tgz",
      "integrity": "sha512-YALjWK2Rt9EMIv9BF/3mvlzFWQathsvb5UZmN1QmhfIOfcQYXc/UcLzg0ablqesSBpBVLt2Tlwv/eTuBh4LXUQ=="
    },
    "unique-random": {
      "version": "2.1.0",
      "resolved": "https://registry.npmjs.org/unique-random/-/unique-random-2.1.0.tgz",
      "integrity": "sha512-iQ1ZgWac3b8YxGThecQFRQiqgk6xFERRwHZIWeVVsqlbmgCRl0PY13R4mUkodNgctmg5b5odG1nyW/IbOxQTqg=="
    },
    "unique-random-array": {
      "version": "2.0.0",
      "resolved": "https://registry.npmjs.org/unique-random-array/-/unique-random-array-2.0.0.tgz",
      "integrity": "sha512-xR87O95fZ7hljw84J8r1YDXrvffPLWN513BNOP4Bv0KcgG5dyEUrHwsvP7mVAOKg4Y80uqRbpUk0GKr8il70qg==",
      "requires": {
        "unique-random": "^2.1.0"
      }
    }
  }
}
